
Microsoft Visual Studio Solution File, Format Version 12.00
# Visual Studio Version 17
VisualStudioVersion = 17.1.32210.238
MinimumVisualStudioVersion = 10.0.40219.1
Project("{FAE04EC0-301F-11D3-BF4B-00C04F79EFBC}") = "Online_school", "Online_school\Online_school.csproj", "{9DAB6DC7-4E1F-46C8-A5C8-AAA2B2C27D99}"
EndProject
Global
	GlobalSection(SolutionConfigurationPlatforms) = preSolution
		Debug|Any CPU = Debug|Any CPU
		Release|Any CPU = Release|Any CPU
	EndGlobalSection
	GlobalSection(ProjectConfigurationPlatforms) = postSolution
		{9DAB6DC7-4E1F-46C8-A5C8-AAA2B2C27D99}.Debug|Any CPU.ActiveCfg = Debug|Any CPU
		{9DAB6DC7-4E1F-46C8-A5C8-AAA2B2C27D99}.Debug|Any CPU.Build.0 = Debug|Any CPU
		{9DAB6DC7-4E1F-46C8-A5C8-AAA2B2C27D99}.Release|Any CPU.ActiveCfg = Release|Any CPU
		{9DAB6DC7-4E1F-46C8-A5C8-AAA2B2C27D99}.Release|Any CPU.Build.0 = Release|Any CPU
	EndGlobalSection
	GlobalSection(SolutionProperties) = preSolution
		HideSolutionNode = FALSE
	EndGlobalSection
	GlobalSection(ExtensibilityGlobals) = postSolution
		SolutionGuid = {D1ED5EC4-3739-43DD-9599-2D5196C0A142}
	EndGlobalSection
EndGlobal
